{
  "name": "koios-pluts",
  "version": "0.1.0",
  "lockfileVersion": 3,
  "requires": true,
  "packages": {
    "": {
      "name": "koios-pluts",
      "version": "0.1.0",
      "license": "Apache-2.0",
      "dependencies": {
        "@harmoniclabs/plu-ts": "^0.2.0-dev27"
      }
    },
    "node_modules/@harmoniclabs/plu-ts": {
      "version": "0.2.0-dev27",
      "resolved": "https://npm.pkg.github.com/download/@harmoniclabs/plu-ts/0.2.0-dev27/01f78eaf7b0fd4d05a658ba858025810ff92257d",
      "integrity": "sha512-D15vZ6313eKk0mjFtmJ/0qgfJifKMCL09l8OiGu9B5WMiMSKbPddANYt/VzfPjg+kJo0P8hGlUhkhcypyO2Z5Q==",
      "license": "MIT"
    }
  }
}
