{
  "name": "koios-pluts",
  "version": "0.1.0",
  "lockfileVersion": 3,
  "requires": true,
  "packages": {
    "": {
      "name": "koios-pluts",
      "version": "0.1.0",
      "license": "Apache-2.0",
      "dependencies": {
        "@harmoniclabs/plu-ts": "^0.2.0",
        "@harmoniclabs/uint8array-utils": "^1.0.0"
      }
    },
    "node_modules/@harmoniclabs/plu-ts": {
      "version": "0.2.0",
      "resolved": "https://registry.npmjs.org/@harmoniclabs/plu-ts/-/plu-ts-0.2.0.tgz",
      "integrity": "sha512-7TRpPGZ7SiSZ2MwI0aLRblG2izsFDvKGbdFToSiQT9wMYBN0owA0Xccjve2FGwarJZbjNxuZYCIyXyLzmBZhew==",
      "dependencies": {
        "@harmoniclabs/uint8array-utils": "^1.0.0"
      }
    },
    "node_modules/@harmoniclabs/uint8array-utils": {
      "version": "1.0.0",
      "resolved": "https://registry.npmjs.org/@harmoniclabs/uint8array-utils/-/uint8array-utils-1.0.0.tgz",
      "integrity": "sha512-KNlgXCRGjmD3O+LYa3yTe3yKg8WY6C/bLs4Ywbjp7C9ORVxfppZDBd02LeK6jcIf800zadvJp+Bxk9qO+IcAQg=="
    }
  }
}
